
Microsoft Visual Studio Solution File, Format Version 12.00
# Visual Studio 14
VisualStudioVersion = 14.0.23107.0
MinimumVisualStudioVersion = 10.0.40219.1
Project("{FAE04EC0-301F-11D3-BF4B-00C04F79EFBC}") = "Nancy.Session.InProc", "Nancy.Session.InProc\Nancy.Session.InProc.csproj", "{37FC603A-13B2-481C-BD36-DB957C182DAF}"
EndProject
Project("{2150E333-8FDC-42A3-9474-1A3956D46DE8}") = "sample", "sample", "{64928BD6-B18D-419C-A793-7E9CB9D03157}"
EndProject
Project("{FAE04EC0-301F-11D3-BF4B-00C04F79EFBC}") = "Demo.InProcSessions", "Demo.InProcSessions\Demo.InProcSessions.csproj", "{BBF7074B-17EC-484C-85E3-86748BC6502C}"
EndProject
Project("{FAE04EC0-301F-11D3-BF4B-00C04F79EFBC}") = "Nancy.Session.InProc.Tests", "Nancy.Session.InProc.Tests\Nancy.Session.InProc.Tests.csproj", "{F6F302C2-A6BE-49E1-B82C-DF40715DEBE9}"
EndProject
Global
	GlobalSection(SolutionConfigurationPlatforms) = preSolution
		Debug|Any CPU = Debug|Any CPU
		Release|Any CPU = Release|Any CPU
	EndGlobalSection
	GlobalSection(ProjectConfigurationPlatforms) = postSolution
		{37FC603A-13B2-481C-BD36-DB957C182DAF}.Debug|Any CPU.ActiveCfg = Debug|Any CPU
		{37FC603A-13B2-481C-BD36-DB957C182DAF}.Debug|Any CPU.Build.0 = Debug|Any CPU
		{37FC603A-13B2-481C-BD36-DB957C182DAF}.Release|Any CPU.ActiveCfg = Release|Any CPU
		{37FC603A-13B2-481C-BD36-DB957C182DAF}.Release|Any CPU.Build.0 = Release|Any CPU
		{BBF7074B-17EC-484C-85E3-86748BC6502C}.Debug|Any CPU.ActiveCfg = Debug|Any CPU
		{BBF7074B-17EC-484C-85E3-86748BC6502C}.Debug|Any CPU.Build.0 = Debug|Any CPU
		{BBF7074B-17EC-484C-85E3-86748BC6502C}.Release|Any CPU.ActiveCfg = Release|Any CPU
		{BBF7074B-17EC-484C-85E3-86748BC6502C}.Release|Any CPU.Build.0 = Release|Any CPU
		{F6F302C2-A6BE-49E1-B82C-DF40715DEBE9}.Debug|Any CPU.ActiveCfg = Debug|Any CPU
		{F6F302C2-A6BE-49E1-B82C-DF40715DEBE9}.Debug|Any CPU.Build.0 = Debug|Any CPU
		{F6F302C2-A6BE-49E1-B82C-DF40715DEBE9}.Release|Any CPU.ActiveCfg = Release|Any CPU
		{F6F302C2-A6BE-49E1-B82C-DF40715DEBE9}.Release|Any CPU.Build.0 = Release|Any CPU
	EndGlobalSection
	GlobalSection(SolutionProperties) = preSolution
		HideSolutionNode = FALSE
	EndGlobalSection
	GlobalSection(NestedProjects) = preSolution
		{BBF7074B-17EC-484C-85E3-86748BC6502C} = {64928BD6-B18D-419C-A793-7E9CB9D03157}
	EndGlobalSection
EndGlobal
